
Microsoft Visual Studio Solution File, Format Version 12.00
# Visual Studio Version 17
VisualStudioVersion = 17.9.34728.123
MinimumVisualStudioVersion = 10.0.40219.1
Project("{FAE04EC0-301F-11D3-BF4B-00C04F79EFBC}") = "Application", "Application\Application.csproj", "{6BAD3602-D425-45B4-B560-112DA6EC6BE2}"
EndProject
Global
	GlobalSection(SolutionConfigurationPlatforms) = preSolution
		Debug|Any CPU = Debug|Any CPU
		Release|Any CPU = Release|Any CPU
	EndGlobalSection
	GlobalSection(ProjectConfigurationPlatforms) = postSolution
		{6BAD3602-D425-45B4-B560-112DA6EC6BE2}.Debug|Any CPU.ActiveCfg = Debug|Any CPU
		{6BAD3602-D425-45B4-B560-112DA6EC6BE2}.Debug|Any CPU.Build.0 = Debug|Any CPU
		{6BAD3602-D425-45B4-B560-112DA6EC6BE2}.Release|Any CPU.ActiveCfg = Release|Any CPU
		{6BAD3602-D425-45B4-B560-112DA6EC6BE2}.Release|Any CPU.Build.0 = Release|Any CPU
	EndGlobalSection
	GlobalSection(SolutionProperties) = preSolution
		HideSolutionNode = FALSE
	EndGlobalSection
	GlobalSection(ExtensibilityGlobals) = postSolution
		SolutionGuid = {BCFD7C12-F7EA-47D8-8464-C8378C8FD1B7}
	EndGlobalSection
EndGlobal
